// !$*UTF8*$!
{
	archiveVersion = 1;
	classes = {
	};
	objectVersion = 56;
	objects = {

/* Begin PBXBuildFile section */
		944C4BB12DB701A50038FBB8 /* EmojiData.swift in Sources */ = {isa = PBXBuildFile; fileRef = 944C4BB02DB701A50038FBB8 /* EmojiData.swift */; };
		944C4BB32DB851530038FBB8 /* ProgressManager.swift in Sources */ = {isa = PBXBuildFile; fileRef = 944C4BB22DB851520038FBB8 /* ProgressManager.swift */; };
		94ACAF5C2DB1D8B60098BF8E /* ContentView.swift in Sources */ = {isa = PBXBuildFile; fileRef = 94ACAF5B2DB1D8B60098BF8E /* ContentView.swift */; };
		94ACAF5E2DB1D8EF0098BF8E /* Assets.xcassets in Resources */ = {isa = PBXBuildFile; fileRef = 94ACAF5D2DB1D8EF0098BF8E /* Assets.xcassets */; };
		94ACAF612DB1D8EF0098BF8E /* Preview Assets.xcassets in Resources */ = {isa = PBXBuildFile; fileRef = 94ACAF602DB1D8EF0098BF8E /* Preview Assets.xcassets */; };
		94ACAF6B2DB1D8F30098BF8E /* Emoji_MadnessTests.swift in Sources */ = {isa = PBXBuildFile; fileRef = 94ACAF6A2DB1D8F30098BF8E /* Emoji_MadnessTests.swift */; };
		94ACAF752DB1D8F30098BF8E /* Emoji_MadnessUITests.swift in Sources */ = {isa = PBXBuildFile; fileRef = 94ACAF742DB1D8F30098BF8E /* Emoji_MadnessUITests.swift */; };
		94ACAF772DB1D8F30098BF8E /* Emoji_MadnessUITestsLaunchTests.swift in Sources */ = {isa = PBXBuildFile; fileRef = 94ACAF762DB1D8F30098BF8E /* Emoji_MadnessUITestsLaunchTests.swift */; };
/* End PBXBuildFile section */

/* Begin PBXContainerItemProxy section */
		94ACAF672DB1D8F30098BF8E /* PBXContainerItemProxy */ = {
			isa = PBXContainerItemProxy;
			containerPortal = 94ACAF4E2DB1D8B40098BF8E /* Project object */;
			proxyType = 1;
			remoteGlobalIDString = 94ACAF552DB1D8B60098BF8E;
			remoteInfo = "Emoji Madness";
		};
		94ACAF712DB1D8F30098BF8E /* PBXContainerItemProxy */ = {
			isa = PBXContainerItemProxy;
			containerPortal = 94ACAF4E2DB1D8B40098BF8E /* Project object */;
			proxyType = 1;
			remoteGlobalIDString = 94ACAF552DB1D8B60098BF8E;
			remoteInfo = "Emoji Madness";
		};
/* End PBXContainerItemProxy section */

/* Begin PBXFileReference section */
		944C4BB02DB701A50038FBB8 /* EmojiData.swift */ = {isa = PBXFileReference; lastKnownFileType = sourcecode.swift; path = EmojiData.swift; sourceTree = "<group>"; };
		944C4BB22DB851520038FBB8 /* ProgressManager.swift */ = {isa = PBXFileReference; lastKnownFileType = sourcecode.swift; path = ProgressManager.swift; sourceTree = "<group>"; };
		94ACAF562DB1D8B60098BF8E /* Emoji Madness.app */ = {isa = PBXFileReference; explicitFileType = wrapper.application; includeInIndex = 0; path = "Emoji Madness.app"; sourceTree = BUILT_PRODUCTS_DIR; };
		94ACAF5B2DB1D8B60098BF8E /* ContentView.swift */ = {isa = PBXFileReference; lastKnownFileType = sourcecode.swift; path = ContentView.swift; sourceTree = "<group>"; };
		94ACAF5D2DB1D8EF0098BF8E /* Assets.xcassets */ = {isa = PBXFileReference; lastKnownFileType = folder.assetcatalog; path = Assets.xcassets; sourceTree = "<group>"; };
		94ACAF602DB1D8EF0098BF8E /* Preview Assets.xcassets */ = {isa = PBXFileReference; lastKnownFileType = folder.assetcatalog; path = "Preview Assets.xcassets"; sourceTree = "<group>"; };
		94ACAF662DB1D8F30098BF8E /* Emoji MadnessTests.xctest */ = {isa = PBXFileReference; explicitFileType = wrapper.cfbundle; includeInIndex = 0; path = "Emoji MadnessTests.xctest"; sourceTree = BUILT_PRODUCTS_DIR; };
		94ACAF6A2DB1D8F30098BF8E /* Emoji_MadnessTests.swift */ = {isa = PBXFileReference; lastKnownFileType = sourcecode.swift; path = Emoji_MadnessTests.swift; sourceTree = "<group>"; };
		94ACAF702DB1D8F30098BF8E /* Emoji MadnessUITests.xctest */ = {isa = PBXFileReference; explicitFileType = wrapper.cfbundle; includeInIndex = 0; path = "Emoji MadnessUITests.xctest"; sourceTree = BUILT_PRODUCTS_DIR; };
		94ACAF742DB1D8F30098BF8E /* Emoji_MadnessUITests.swift */ = {isa = PBXFileReference; lastKnownFileType = sourcecode.swift; path = Emoji_MadnessUITests.swift; sourceTree = "<group>"; };
		94ACAF762DB1D8F30098BF8E /* Emoji_MadnessUITestsLaunchTests.swift */ = {isa = PBXFileReference; lastKnownFileType = sourcecode.swift; path = Emoji_MadnessUITestsLaunchTests.swift; sourceTree = "<group>"; };
/* End PBXFileReference section */

/* Begin PBXFrameworksBuildPhase section */
		94ACAF532DB1D8B60098BF8E /* Frameworks */ = {
			isa = PBXFrameworksBuildPhase;
			buildActionMask = 2147483647;
			files = (
			);
			runOnlyForDeploymentPostprocessing = 0;
		};
		94ACAF632DB1D8F30098BF8E /* Frameworks */ = {
			isa = PBXFrameworksBuildPhase;
			buildActionMask = 2147483647;
			files = (
			);
			runOnlyForDeploymentPostprocessing = 0;
		};
		94ACAF6D2DB1D8F30098BF8E /* Frameworks */ = {
			isa = PBXFrameworksBuildPhase;
			buildActionMask = 2147483647;
			files = (
			);
			runOnlyForDeploymentPostprocessing = 0;
		};
/* End PBXFrameworksBuildPhase section */

/* Begin PBXGroup section */
		94ACAF4D2DB1D8B40098BF8E = {
			isa = PBXGroup;
			children = (
				94ACAF582DB1D8B60098BF8E /* Emoji Madness */,
				94ACAF692DB1D8F30098BF8E /* Emoji MadnessTests */,
				94ACAF732DB1D8F30098BF8E /* Emoji MadnessUITests */,
				94ACAF572DB1D8B60098BF8E /* Products */,
			);
			sourceTree = "<group>";
		};
		94ACAF572DB1D8B60098BF8E /* Products */ = {
			isa = PBXGroup;
			children = (
				94ACAF562DB1D8B60098BF8E /* Emoji Madness.app */,
				94ACAF662DB1D8F30098BF8E /* Emoji MadnessTests.xctest */,
				94ACAF702DB1D8F30098BF8E /* Emoji MadnessUITests.xctest */,
			);
			name = Products;
			sourceTree = "<group>";
		};
		94ACAF582DB1D8B60098BF8E /* Emoji Madness */ = {
			isa = PBXGroup;
			children = (
				94ACAF5B2DB1D8B60098BF8E /* ContentView.swift */,
				944C4BB02DB701A50038FBB8 /* EmojiData.swift */,
				944C4BB22DB851520038FBB8 /* ProgressManager.swift */,
				94ACAF5D2DB1D8EF0098BF8E /* Assets.xcassets */,
				94ACAF5F2DB1D8EF0098BF8E /* Preview Content */,
			);
			path = "Emoji Madness";
			sourceTree = "<group>";
		};
		94ACAF5F2DB1D8EF0098BF8E /* Preview Content */ = {
			isa = PBXGroup;
			children = (
				94ACAF602DB1D8EF0098BF8E /* Preview Assets.xcassets */,
			);
			path = "Preview Content";
			sourceTree = "<group>";
		};
		94ACAF692DB1D8F30098BF8E /* Emoji MadnessTests */ = {
			isa = PBXGroup;
			children = (
				94ACAF6A2DB1D8F30098BF8E /* Emoji_MadnessTests.swift */,
			);
			path = "Emoji MadnessTests";
			sourceTree = "<group>";
		};
		94ACAF732DB1D8F30098BF8E /* Emoji MadnessUITests */ = {
			isa = PBXGroup;
			children = (
				94ACAF742DB1D8F30098BF8E /* Emoji_MadnessUITests.swift */,
				94ACAF762DB1D8F30098BF8E /* Emoji_MadnessUITestsLaunchTests.swift */,
			);
			path = "Emoji MadnessUITests";
			sourceTree = "<group>";
		};
/* End PBXGroup section */

/* Begin PBXNativeTarget section */
		94ACAF552DB1D8B60098BF8E /* Emoji Madness */ = {
			isa = PBXNativeTarget;
			buildConfigurationList = 94ACAF7A2DB1D8F30098BF8E /* Build configuration list for PBXNativeTarget "Emoji Madness" */;
			buildPhases = (
				94ACAF522DB1D8B60098BF8E /* Sources */,
				94ACAF532DB1D8B60098BF8E /* Frameworks */,
				94ACAF542DB1D8B60098BF8E /* Resources */,
			);
			buildRules = (
			);
			dependencies = (
			);
			name = "Emoji Madness";
			productName = "Emoji Madness";
			productReference = 94ACAF562DB1D8B60098BF8E /* Emoji Madness.app */;
			productType = "com.apple.product-type.application";
		};
		94ACAF652DB1D8F30098BF8E /* Emoji MadnessTests */ = {
			isa = PBXNativeTarget;
			buildConfigurationList = 94ACAF7D2DB1D8F30098BF8E /* Build configuration list for PBXNativeTarget "Emoji MadnessTests" */;
			buildPhases = (
				94ACAF622DB1D8F30098BF8E /* Sources */,
				94ACAF632DB1D8F30098BF8E /* Frameworks */,
				94ACAF642DB1D8F30098BF8E /* Resources */,
			);
			buildRules = (
			);
			dependencies = (
				94ACAF682DB1D8F30098BF8E /* PBXTargetDependency */,
			);
			name = "Emoji MadnessTests";
			productName = "Emoji MadnessTests";
			productReference = 94ACAF662DB1D8F30098BF8E /* Emoji MadnessTests.xctest */;
			productType = "com.apple.product-type.bundle.unit-test";
		};
		94ACAF6F2DB1D8F30098BF8E /* Emoji MadnessUITests */ = {
			isa = PBXNativeTarget;
			buildConfigurationList = 94ACAF802DB1D8F30098BF8E /* Build configuration list for PBXNativeTarget "Emoji MadnessUITests" */;
			buildPhases = (
				94ACAF6C2DB1D8F30098BF8E /* Sources */,
				94ACAF6D2DB1D8F30098BF8E /* Frameworks */,
				94ACAF6E2DB1D8F30098BF8E /* Resources */,
			);
			buildRules = (
			);
			dependencies = (
				94ACAF722DB1D8F30098BF8E /* PBXTargetDependency */,
			);
			name = "Emoji MadnessUITests";
			productName = "Emoji MadnessUITests";
			productReference = 94ACAF702DB1D8F30098BF8E /* Emoji MadnessUITests.xctest */;
			productType = "com.apple.product-type.bundle.ui-testing";
		};
/* End PBXNativeTarget section */

/* Begin PBXProject section */
		94ACAF4E2DB1D8B40098BF8E /* Project object */ = {
			isa = PBXProject;
			attributes = {
				BuildIndependentTargetsInParallel = 1;
				LastSwiftUpdateCheck = 1540;
				LastUpgradeCheck = 1540;
				TargetAttributes = {
					94ACAF552DB1D8B60098BF8E = {
						CreatedOnToolsVersion = 15.4;
					};
					94ACAF652DB1D8F30098BF8E = {
						CreatedOnToolsVersion = 15.4;
						TestTargetID = 94ACAF552DB1D8B60098BF8E;
					};
					94ACAF6F2DB1D8F30098BF8E = {
						CreatedOnToolsVersion = 15.4;
						TestTargetID = 94ACAF552DB1D8B60098BF8E;
					};
				};
			};
			buildConfigurationList = 94ACAF512DB1D8B50098BF8E /* Build configuration list for PBXProject "Emoji Madness" */;
			compatibilityVersion = "Xcode 14.0";
			developmentRegion = en;
			hasScannedForEncodings = 0;
			knownRegions = (
				en,
				Base,
			);
			mainGroup = 94ACAF4D2DB1D8B40098BF8E;
			productRefGroup = 94ACAF572DB1D8B60098BF8E /* Products */;
			projectDirPath = "";
			projectRoot = "";
			targets = (
				94ACAF552DB1D8B60098BF8E /* Emoji Madness */,
				94ACAF652DB1D8F30098BF8E /* Emoji MadnessTests */,
				94ACAF6F2DB1D8F30098BF8E /* Emoji MadnessUITests */,
			);
		};
/* End PBXProject section */

/* Begin PBXResourcesBuildPhase section */
		94ACAF542DB1D8B60098BF8E /* Resources */ = {
			isa = PBXResourcesBuildPhase;
			buildActionMask = 2147483647;
			files = (
				94ACAF612DB1D8EF0098BF8E /* Preview Assets.xcassets in Resources */,
				94ACAF5E2DB1D8EF0098BF8E /* Assets.xcassets in Resources */,
			);
			runOnlyForDeploymentPostprocessing = 0;
		};
		94ACAF642DB1D8F30098BF8E /* Resources */ = {
			isa = PBXResourcesBuildPhase;
			buildActionMask = 2147483647;
			files = (
			);
			runOnlyForDeploymentPostprocessing = 0;
		};
		94ACAF6E2DB1D8F30098BF8E /* Resources */ = {
			isa = PBXResourcesBuildPhase;
			buildActionMask = 2147483647;
			files = (
			);
			runOnlyForDeploymentPostprocessing = 0;
		};
/* End PBXResourcesBuildPhase section */

/* Begin PBXSourcesBuildPhase section */
		94ACAF522DB1D8B60098BF8E /* Sources */ = {
			isa = PBXSourcesBuildPhase;
			buildActionMask = 2147483647;
			files = (
				94ACAF5C2DB1D8B60098BF8E /* ContentView.swift in Sources */,
				944C4BB32DB851530038FBB8 /* ProgressManager.swift in Sources */,
				944C4BB12DB701A50038FBB8 /* EmojiData.swift in Sources */,
			);
			runOnlyForDeploymentPostprocessing = 0;
		};
		94ACAF622DB1D8F30098BF8E /* Sources */ = {
			isa = PBXSourcesBuildPhase;
			buildActionMask = 2147483647;
			files = (
				94ACAF6B2DB1D8F30098BF8E /* Emoji_MadnessTests.swift in Sources */,
			);
			runOnlyForDeploymentPostprocessing = 0;
		};
		94ACAF6C2DB1D8F30098BF8E /* Sources */ = {
			isa = PBXSourcesBuildPhase;
			buildActionMask = 2147483647;
			files = (
				94ACAF752DB1D8F30098BF8E /* Emoji_MadnessUITests.swift in Sources */,
				94ACAF772DB1D8F30098BF8E /* Emoji_MadnessUITestsLaunchTests.swift in Sources */,
			);
			runOnlyForDeploymentPostprocessing = 0;
		};
/* End PBXSourcesBuildPhase section */

/* Begin PBXTargetDependency section */
		94ACAF682DB1D8F30098BF8E /* PBXTargetDependency */ = {
			isa = PBXTargetDependency;
			target = 94ACAF552DB1D8B60098BF8E /* Emoji Madness */;
			targetProxy = 94ACAF672DB1D8F30098BF8E /* PBXContainerItemProxy */;
		};
		94ACAF722DB1D8F30098BF8E /* PBXTargetDependency */ = {
			isa = PBXTargetDependency;
			target = 94ACAF552DB1D8B60098BF8E /* Emoji Madness */;
			targetProxy = 94ACAF712DB1D8F30098BF8E /* PBXContainerItemProxy */;
		};
/* End PBXTargetDependency section */

/* Begin XCBuildConfiguration section */
		94ACAF782DB1D8F30098BF8E /* Debug */ = {
			isa = XCBuildConfiguration;
			buildSettings = {
				ALWAYS_SEARCH_USER_PATHS = NO;
				ASSETCATALOG_COMPILER_GENERATE_SWIFT_ASSET_SYMBOL_EXTENSIONS = YES;
				CLANG_ANALYZER_NONNULL = YES;
				CLANG_ANALYZER_NUMBER_OBJECT_CONVERSION = YES_AGGRESSIVE;
				CLANG_CXX_LANGUAGE_STANDARD = "gnu++20";
				CLANG_ENABLE_MODULES = YES;
				CLANG_ENABLE_OBJC_ARC = YES;
				CLANG_ENABLE_OBJC_WEAK = YES;
				CLANG_WARN_BLOCK_CAPTURE_AUTORELEASING = YES;
				CLANG_WARN_BOOL_CONVERSION = YES;
				CLANG_WARN_COMMA = YES;
				CLANG_WARN_CONSTANT_CONVERSION = YES;
				CLANG_WARN_DEPRECATED_OBJC_IMPLEMENTATIONS = YES;
				CLANG_WARN_DIRECT_OBJC_ISA_USAGE = YES_ERROR;
				CLANG_WARN_DOCUMENTATION_COMMENTS = YES;
				CLANG_WARN_EMPTY_BODY = YES;
				CLANG_WARN_ENUM_CONVERSION = YES;
				CLANG_WARN_INFINITE_RECURSION = YES;
				CLANG_WARN_INT_CONVERSION = YES;
				CLANG_WARN_NON_LITERAL_NULL_CONVERSION = YES;
				CLANG_WARN_OBJC_IMPLICIT_RETAIN_SELF = YES;
				CLANG_WARN_OBJC_LITERAL_CONVERSION = YES;
				CLANG_WARN_OBJC_ROOT_CLASS = YES_ERROR;
				CLANG_WARN_QUOTED_INCLUDE_IN_FRAMEWORK_HEADER = YES;
				CLANG_WARN_RANGE_LOOP_ANALYSIS = YES;
				CLANG_WARN_STRICT_PROTOTYPES = YES;
				CLANG_WARN_SUSPICIOUS_MOVE = YES;
				CLANG_WARN_UNGUARDED_AVAILABILITY = YES_AGGRESSIVE;
				CLANG_WARN_UNREACHABLE_CODE = YES;
				CLANG_WARN__DUPLICATE_METHOD_MATCH = YES;
				COPY_PHASE_STRIP = NO;
				DEBUG_INFORMATION_FORMAT = dwarf;
				ENABLE_STRICT_OBJC_MSGSEND = YES;
				ENABLE_TESTABILITY = YES;
				ENABLE_USER_SCRIPT_SANDBOXING = YES;
				GCC_C_LANGUAGE_STANDARD = gnu17;
				GCC_DYNAMIC_NO_PIC = NO;
				GCC_NO_COMMON_BLOCKS = YES;
				GCC_OPTIMIZATION_LEVEL = 0;
				GCC_PREPROCESSOR_DEFINITIONS = (
					"DEBUG=1",
					"$(inherited)",
				);
				GCC_WARN_64_TO_32_BIT_CONVERSION = YES;
				GCC_WARN_ABOUT_RETURN_TYPE = YES_ERROR;
				GCC_WARN_UNDECLARED_SELECTOR = YES;
				GCC_WARN_UNINITIALIZED_AUTOS = YES_AGGRESSIVE;
				GCC_WARN_UNUSED_FUNCTION = YES;
				GCC_WARN_UNUSED_VARIABLE = YES;
				IPHONEOS_DEPLOYMENT_TARGET = 17.5;
				LOCALIZATION_PREFERS_STRING_CATALOGS = YES;
				MTL_ENABLE_DEBUG_INFO = INCLUDE_SOURCE;
				MTL_FAST_MATH = YES;
				ONLY_ACTIVE_ARCH = YES;
				SDKROOT = iphoneos;
				SWIFT_ACTIVE_COMPILATION_CONDITIONS = "DEBUG $(inherited)";
				SWIFT_OPTIMIZATION_LEVEL = "-Onone";
			};
			name = Debug;
		};
		94ACAF792DB1D8F30098BF8E /* Release */ = {
			isa = XCBuildConfiguration;
			buildSettings = {
				ALWAYS_SEARCH_USER_PATHS = NO;
				ASSETCATALOG_COMPILER_GENERATE_SWIFT_ASSET_SYMBOL_EXTENSIONS = YES;
				CLANG_ANALYZER_NONNULL = YES;
				CLANG_ANALYZER_NUMBER_OBJECT_CONVERSION = YES_AGGRESSIVE;
				CLANG_CXX_LANGUAGE_STANDARD = "gnu++20";
				CLANG_ENABLE_MODULES = YES;
				CLANG_ENABLE_OBJC_ARC = YES;
				CLANG_ENABLE_OBJC_WEAK = YES;
				CLANG_WARN_BLOCK_CAPTURE_AUTORELEASING = YES;
				CLANG_WARN_BOOL_CONVERSION = YES;
				CLANG_WARN_COMMA = YES;
				CLANG_WARN_CONSTANT_CONVERSION = YES;
				CLANG_WARN_DEPRECATED_OBJC_IMPLEMENTATIONS = YES;
				CLANG_WARN_DIRECT_OBJC_ISA_USAGE = YES_ERROR;
				CLANG_WARN_DOCUMENTATION_COMMENTS = YES;
				CLANG_WARN_EMPTY_BODY = YES;
				CLANG_WARN_ENUM_CONVERSION = YES;
				CLANG_WARN_INFINITE_RECURSION = YES;
				CLANG_WARN_INT_CONVERSION = YES;
				CLANG_WARN_NON_LITERAL_NULL_CONVERSION = YES;
				CLANG_WARN_OBJC_IMPLICIT_RETAIN_SELF = YES;
				CLANG_WARN_OBJC_LITERAL_CONVERSION = YES;
				CLANG_WARN_OBJC_ROOT_CLASS = YES_ERROR;
				CLANG_WARN_QUOTED_INCLUDE_IN_FRAMEWORK_HEADER = YES;
				CLANG_WARN_RANGE_LOOP_ANALYSIS = YES;
				CLANG_WARN_STRICT_PROTOTYPES = YES;
				CLANG_WARN_SUSPICIOUS_MOVE = YES;
				CLANG_WARN_UNGUARDED_AVAILABILITY = YES_AGGRESSIVE;
				CLANG_WARN_UNREACHABLE_CODE = YES;
				CLANG_WARN__DUPLICATE_METHOD_MATCH = YES;
				COPY_PHASE_STRIP = NO;
				DEBUG_INFORMATION_FORMAT = "dwarf-with-dsym";
				ENABLE_NS_ASSERTIONS = NO;
				ENABLE_STRICT_OBJC_MSGSEND = YES;
				ENABLE_USER_SCRIPT_SANDBOXING = YES;
				GCC_C_LANGUAGE_STANDARD = gnu17;
				GCC_NO_COMMON_BLOCKS = YES;
				GCC_WARN_64_TO_32_BIT_CONVERSION = YES;
				GCC_WARN_ABOUT_RETURN_TYPE = YES_ERROR;
				GCC_WARN_UNDECLARED_SELECTOR = YES;
				GCC_WARN_UNINITIALIZED_AUTOS = YES_AGGRESSIVE;
				GCC_WARN_UNUSED_FUNCTION = YES;
				GCC_WARN_UNUSED_VARIABLE = YES;
				IPHONEOS_DEPLOYMENT_TARGET = 17.5;
				LOCALIZATION_PREFERS_STRING_CATALOGS = YES;
				MTL_ENABLE_DEBUG_INFO = NO;
				MTL_FAST_MATH = YES;
				SDKROOT = iphoneos;
				SWIFT_COMPILATION_MODE = wholemodule;
				VALIDATE_PRODUCT = YES;
			};
			name = Release;
		};
		94ACAF7B2DB1D8F30098BF8E /* Debug */ = {
			isa = XCBuildConfiguration;
			buildSettings = {
				ASSETCATALOG_COMPILER_APPICON_NAME = AppIcon;
				ASSETCATALOG_COMPILER_GLOBAL_ACCENT_COLOR_NAME = AccentColor;
				CODE_SIGN_STYLE = Automatic;
				CURRENT_PROJECT_VERSION = 1;
				DEVELOPMENT_ASSET_PATHS = "\"Emoji Madness/Preview Content\"";
				DEVELOPMENT_TEAM = W8DH3N8KYZ;
				ENABLE_PREVIEWS = YES;
				GENERATE_INFOPLIST_FILE = YES;
				INFOPLIST_KEY_UIApplicationSceneManifest_Generation = YES;
				INFOPLIST_KEY_UIApplicationSupportsIndirectInputEvents = YES;
				INFOPLIST_KEY_UILaunchScreen_Generation = YES;
				INFOPLIST_KEY_UISupportedInterfaceOrientations_iPad = "UIInterfaceOrientationPortrait UIInterfaceOrientationPortraitUpsideDown UIInterfaceOrientationLandscapeLeft UIInterfaceOrientationLandscapeRight";
				INFOPLIST_KEY_UISupportedInterfaceOrientations_iPhone = "UIInterfaceOrientationPortrait UIInterfaceOrientationLandscapeLeft UIInterfaceOrientationLandscapeRight";
				LD_RUNPATH_SEARCH_PATHS = (
					"$(inherited)",
					"@executable_path/Frameworks",
				);
				MARKETING_VERSION = 1.0;
				PRODUCT_BUNDLE_IDENTIFIER = "ValentineTechnologies.Emoji-Madness";
				PRODUCT_NAME = "$(TARGET_NAME)";
				SWIFT_EMIT_LOC_STRINGS = YES;
				SWIFT_VERSION = 5.0;
				TARGETED_DEVICE_FAMILY = "1,2";
			};
			name = Debug;
		};
		94ACAF7C2DB1D8F30098BF8E /* Release */ = {
			isa = XCBuildConfiguration;
			buildSettings = {
				ASSETCATALOG_COMPILER_APPICON_NAME = AppIcon;
				ASSETCATALOG_COMPILER_GLOBAL_ACCENT_COLOR_NAME = AccentColor;
				CODE_SIGN_STYLE = Automatic;
				CURRENT_PROJECT_VERSION = 1;
				DEVELOPMENT_ASSET_PATHS = "\"Emoji Madness/Preview Content\"";
				DEVELOPMENT_TEAM = W8DH3N8KYZ;
				ENABLE_PREVIEWS = YES;
				GENERATE_INFOPLIST_FILE = YES;
				INFOPLIST_KEY_UIApplicationSceneManifest_Generation = YES;
				INFOPLIST_KEY_UIApplicationSupportsIndirectInputEvents = YES;
				INFOPLIST_KEY_UILaunchScreen_Generation = YES;
				INFOPLIST_KEY_UISupportedInterfaceOrientations_iPad = "UIInterfaceOrientationPortrait UIInterfaceOrientationPortraitUpsideDown UIInterfaceOrientationLandscapeLeft UIInterfaceOrientationLandscapeRight";
				INFOPLIST_KEY_UISupportedInterfaceOrientations_iPhone = "UIInterfaceOrientationPortrait UIInterfaceOrientationLandscapeLeft UIInterfaceOrientationLandscapeRight";
				LD_RUNPATH_SEARCH_PATHS = (
					"$(inherited)",
					"@executable_path/Frameworks",
				);
				MARKETING_VERSION = 1.0;
				PRODUCT_BUNDLE_IDENTIFIER = "ValentineTechnologies.Emoji-Madness";
				PRODUCT_NAME = "$(TARGET_NAME)";
				SWIFT_EMIT_LOC_STRINGS = YES;
				SWIFT_VERSION = 5.0;
				TARGETED_DEVICE_FAMILY = "1,2";
			};
			name = Release;
		};
		94ACAF7E2DB1D8F30098BF8E /* Debug */ = {
			isa = XCBuildConfiguration;
			buildSettings = {
				ALWAYS_EMBED_SWIFT_STANDARD_LIBRARIES = YES;
				BUNDLE_LOADER = "$(TEST_HOST)";
				CODE_SIGN_STYLE = Automatic;
				CURRENT_PROJECT_VERSION = 1;
				DEVELOPMENT_TEAM = W8DH3N8KYZ;
				GENERATE_INFOPLIST_FILE = YES;
				IPHONEOS_DEPLOYMENT_TARGET = 17.5;
				MARKETING_VERSION = 1.0;
				PRODUCT_BUNDLE_IDENTIFIER = "ValentineTechnologies.Emoji-MadnessTests";
				PRODUCT_NAME = "$(TARGET_NAME)";
				SWIFT_EMIT_LOC_STRINGS = NO;
				SWIFT_VERSION = 5.0;
				TARGETED_DEVICE_FAMILY = "1,2";
				TEST_HOST = "$(BUILT_PRODUCTS_DIR)/Emoji Madness.app/$(BUNDLE_EXECUTABLE_FOLDER_PATH)/Emoji Madness";
			};
			name = Debug;
		};
		94ACAF7F2DB1D8F30098BF8E /* Release */ = {
			isa = XCBuildConfiguration;
			buildSettings = {
				ALWAYS_EMBED_SWIFT_STANDARD_LIBRARIES = YES;
				BUNDLE_LOADER = "$(TEST_HOST)";
				CODE_SIGN_STYLE = Automatic;
				CURRENT_PROJECT_VERSION = 1;
				DEVELOPMENT_TEAM = W8DH3N8KYZ;
				GENERATE_INFOPLIST_FILE = YES;
				IPHONEOS_DEPLOYMENT_TARGET = 17.5;
				MARKETING_VERSION = 1.0;
				PRODUCT_BUNDLE_IDENTIFIER = "ValentineTechnologies.Emoji-MadnessTests";
				PRODUCT_NAME = "$(TARGET_NAME)";
				SWIFT_EMIT_LOC_STRINGS = NO;
				SWIFT_VERSION = 5.0;
				TARGETED_DEVICE_FAMILY = "1,2";
				TEST_HOST = "$(BUILT_PRODUCTS_DIR)/Emoji Madness.app/$(BUNDLE_EXECUTABLE_FOLDER_PATH)/Emoji Madness";
			};
			name = Release;
		};
		94ACAF812DB1D8F30098BF8E /* Debug */ = {
			isa = XCBuildConfiguration;
			buildSettings = {
				ALWAYS_EMBED_SWIFT_STANDARD_LIBRARIES = YES;
				CODE_SIGN_STYLE = Automatic;
				CURRENT_PROJECT_VERSION = 1;
				DEVELOPMENT_TEAM = W8DH3N8KYZ;
				GENERATE_INFOPLIST_FILE = YES;
				MARKETING_VERSION = 1.0;
				PRODUCT_BUNDLE_IDENTIFIER = "ValentineTechnologies.Emoji-MadnessUITests";
				PRODUCT_NAME = "$(TARGET_NAME)";
				SWIFT_EMIT_LOC_STRINGS = NO;
				SWIFT_VERSION = 5.0;
				TARGETED_DEVICE_FAMILY = "1,2";
				TEST_TARGET_NAME = "Emoji Madness";
			};
			name = Debug;
		};
		94ACAF822DB1D8F30098BF8E /* Release */ = {
			isa = XCBuildConfiguration;
			buildSettings = {
				ALWAYS_EMBED_SWIFT_STANDARD_LIBRARIES = YES;
				CODE_SIGN_STYLE = Automatic;
				CURRENT_PROJECT_VERSION = 1;
				DEVELOPMENT_TEAM = W8DH3N8KYZ;
				GENERATE_INFOPLIST_FILE = YES;
				MARKETING_VERSION = 1.0;
				PRODUCT_BUNDLE_IDENTIFIER = "ValentineTechnologies.Emoji-MadnessUITests";
				PRODUCT_NAME = "$(TARGET_NAME)";
				SWIFT_EMIT_LOC_STRINGS = NO;
				SWIFT_VERSION = 5.0;
				TARGETED_DEVICE_FAMILY = "1,2";
				TEST_TARGET_NAME = "Emoji Madness";
			};
			name = Release;
		};
/* End XCBuildConfiguration section */

/* Begin XCConfigurationList section */
		94ACAF512DB1D8B50098BF8E /* Build configuration list for PBXProject "Emoji Madness" */ = {
			isa = XCConfigurationList;
			buildConfigurations = (
				94ACAF782DB1D8F30098BF8E /* Debug */,
				94ACAF792DB1D8F30098BF8E /* Release */,
			);
			defaultConfigurationIsVisible = 0;
			defaultConfigurationName = Release;
		};
		94ACAF7A2DB1D8F30098BF8E /* Build configuration list for PBXNativeTarget "Emoji Madness" */ = {
			isa = XCConfigurationList;
			buildConfigurations = (
				94ACAF7B2DB1D8F30098BF8E /* Debug */,
				94ACAF7C2DB1D8F30098BF8E /* Release */,
			);
			defaultConfigurationIsVisible = 0;
			defaultConfigurationName = Release;
		};
		94ACAF7D2DB1D8F30098BF8E /* Build configuration list for PBXNativeTarget "Emoji MadnessTests" */ = {
			isa = XCConfigurationList;
			buildConfigurations = (
				94ACAF7E2DB1D8F30098BF8E /* Debug */,
				94ACAF7F2DB1D8F30098BF8E /* Release */,
			);
			defaultConfigurationIsVisible = 0;
			defaultConfigurationName = Release;
		};
		94ACAF802DB1D8F30098BF8E /* Build configuration list for PBXNativeTarget "Emoji MadnessUITests" */ = {
			isa = XCConfigurationList;
			buildConfigurations = (
				94ACAF812DB1D8F30098BF8E /* Debug */,
				94ACAF822DB1D8F30098BF8E /* Release */,
			);
			defaultConfigurationIsVisible = 0;
			defaultConfigurationName = Release;
		};
/* End XCConfigurationList section */
	};
	rootObject = 94ACAF4E2DB1D8B40098BF8E /* Project object */;
}
